Microsoft Visual Studio Solution File, Format Version 12.00
# Visual Studio 2012
Project("{FAE04EC0-301F-11D3-BF4B-00C04F79EFBC}") = "LovevsEvil", "LovevsEvil.csproj", "{37ECDE88-1920-49AD-B86A-90B9D7FBA6BC}"
EndProject
Global
	GlobalSection(SolutionConfigurationPlatforms) = preSolution
	Debug|Any CPU = Debug|Any CPU
	Release|Any CPU = Release|Any CPU
	Tools|Any CPU = Tools|Any CPU
	EndGlobalSection
	GlobalSection(ProjectConfigurationPlatforms) = postSolution
		{37ECDE88-1920-49AD-B86A-90B9D7FBA6BC}.Debug|Any CPU.ActiveCfg = Debug|Any CPU
		{37ECDE88-1920-49AD-B86A-90B9D7FBA6BC}.Debug|Any CPU.Build.0 = Debug|Any CPU
		{37ECDE88-1920-49AD-B86A-90B9D7FBA6BC}.Release|Any CPU.ActiveCfg = Release|Any CPU
		{37ECDE88-1920-49AD-B86A-90B9D7FBA6BC}.Release|Any CPU.Build.0 = Release|Any CPU
		{37ECDE88-1920-49AD-B86A-90B9D7FBA6BC}.Tools|Any CPU.ActiveCfg = Tools|Any CPU
		{37ECDE88-1920-49AD-B86A-90B9D7FBA6BC}.Tools|Any CPU.Build.0 = Tools|Any CPU
	EndGlobalSection
EndGlobal
